
Microsoft Visual Studio Solution File, Format Version 12.00
# Visual Studio Version 17
VisualStudioVersion = 17.7.34221.43
MinimumVisualStudioVersion = 10.0.40219.1
Project("{FAE04EC0-301F-11D3-BF4B-00C04F79EFBC}") = "WpfAppAcademia", "WpfAppAcademia.csproj", "{3EB362C3-24E8-4898-8572-F41270BDA010}"
EndProject
Global
	GlobalSection(SolutionConfigurationPlatforms) = preSolution
		Debug|Any CPU = Debug|Any CPU
		Release|Any CPU = Release|Any CPU
	EndGlobalSection
	GlobalSection(ProjectConfigurationPlatforms) = postSolution
		{3EB362C3-24E8-4898-8572-F41270BDA010}.Debug|Any CPU.ActiveCfg = Debug|Any CPU
		{3EB362C3-24E8-4898-8572-F41270BDA010}.Debug|Any CPU.Build.0 = Debug|Any CPU
		{3EB362C3-24E8-4898-8572-F41270BDA010}.Release|Any CPU.ActiveCfg = Release|Any CPU
		{3EB362C3-24E8-4898-8572-F41270BDA010}.Release|Any CPU.Build.0 = Release|Any CPU
	EndGlobalSection
	GlobalSection(SolutionProperties) = preSolution
		HideSolutionNode = FALSE
	EndGlobalSection
	GlobalSection(ExtensibilityGlobals) = postSolution
		SolutionGuid = {F45DE284-AB37-4227-A98D-9AA4EC7265FE}
	EndGlobalSection
EndGlobal
